
Microsoft Visual Studio Solution File, Format Version 12.00
# Visual Studio 15
VisualStudioVersion = 15.0.27428.2043
MinimumVisualStudioVersion = 10.0.40219.1
Project("{888888A0-9F3D-457C-B088-3A5042F75D52}") = "Clase", "Clase\Clase.pyproj", "{4A3789E2-126E-47F1-925E-DC21522CA16C}"
EndProject
Global
	GlobalSection(SolutionConfigurationPlatforms) = preSolution
		Debug|Any CPU = Debug|Any CPU
		Release|Any CPU = Release|Any CPU
	EndGlobalSection
	GlobalSection(ProjectConfigurationPlatforms) = postSolution
		{4A3789E2-126E-47F1-925E-DC21522CA16C}.Debug|Any CPU.ActiveCfg = Debug|Any CPU
		{4A3789E2-126E-47F1-925E-DC21522CA16C}.Release|Any CPU.ActiveCfg = Release|Any CPU
	EndGlobalSection
	GlobalSection(SolutionProperties) = preSolution
		HideSolutionNode = FALSE
	EndGlobalSection
	GlobalSection(ExtensibilityGlobals) = postSolution
		SolutionGuid = {D40EA9E3-266C-46C2-AE83-1441F144ABDC}
	EndGlobalSection
EndGlobal
